// !$*UTF8*$!
{
	archiveVersion = 1;
	classes = {
	};
	objectVersion = 56;
	objects = {

/* Begin PBXBuildFile section */
		9AFDA3402D2000AA00EDEEBB /* CogCog_iOSApp.swift in Sources */ = {isa = PBXBuildFile; fileRef = 9AFDA33F2D2000AA00EDEEBB /* CogCog_iOSApp.swift */; };
		9AFDA3442D2000AB00EDEEBB /* Assets.xcassets in Resources */ = {isa = PBXBuildFile; fileRef = 9AFDA3432D2000AB00EDEEBB /* Assets.xcassets */; };
		9AFDA3472D2000AB00EDEEBB /* Preview Assets.xcassets in Resources */ = {isa = PBXBuildFile; fileRef = 9AFDA3462D2000AB00EDEEBB /* Preview Assets.xcassets */; };
		9AFDA3512D2011B000EDEEBB /* OnBoardingView.swift in Sources */ = {isa = PBXBuildFile; fileRef = 9AFDA3502D2011B000EDEEBB /* OnBoardingView.swift */; };
		9AFDA3582D20125D00EDEEBB /* WelcomeView.swift in Sources */ = {isa = PBXBuildFile; fileRef = 9AFDA3572D20125D00EDEEBB /* WelcomeView.swift */; };
		9AFDA35A2D20126700EDEEBB /* PersonalInfoView.swift in Sources */ = {isa = PBXBuildFile; fileRef = 9AFDA3592D20126700EDEEBB /* PersonalInfoView.swift */; };
		9AFDA35C2D2013AE00EDEEBB /* ContentView.swift in Sources */ = {isa = PBXBuildFile; fileRef = 9AFDA35B2D2013AE00EDEEBB /* ContentView.swift */; };
		9AFDA35F2D20148E00EDEEBB /* HomeView.swift in Sources */ = {isa = PBXBuildFile; fileRef = 9AFDA35E2D20148E00EDEEBB /* HomeView.swift */; };
		9AFDA3622D20160A00EDEEBB /* GameView.swift in Sources */ = {isa = PBXBuildFile; fileRef = 9AFDA3612D20160A00EDEEBB /* GameView.swift */; };
		9AFDA3652D2018F900EDEEBB /* StatisticsView.swift in Sources */ = {isa = PBXBuildFile; fileRef = 9AFDA3642D2018F900EDEEBB /* StatisticsView.swift */; };
		9AFDA3682D20191500EDEEBB /* MyInfoView.swift in Sources */ = {isa = PBXBuildFile; fileRef = 9AFDA3672D20191500EDEEBB /* MyInfoView.swift */; };
/* End PBXBuildFile section */

/* Begin PBXFileReference section */
		9AFDA33C2D2000AA00EDEEBB /* CogCog-iOS.app */ = {isa = PBXFileReference; explicitFileType = wrapper.application; includeInIndex = 0; path = "CogCog-iOS.app"; sourceTree = BUILT_PRODUCTS_DIR; };
		9AFDA33F2D2000AA00EDEEBB /* CogCog_iOSApp.swift */ = {isa = PBXFileReference; lastKnownFileType = sourcecode.swift; path = CogCog_iOSApp.swift; sourceTree = "<group>"; };
		9AFDA3432D2000AB00EDEEBB /* Assets.xcassets */ = {isa = PBXFileReference; lastKnownFileType = folder.assetcatalog; path = Assets.xcassets; sourceTree = "<group>"; };
		9AFDA3462D2000AB00EDEEBB /* Preview Assets.xcassets */ = {isa = PBXFileReference; lastKnownFileType = folder.assetcatalog; path = "Preview Assets.xcassets"; sourceTree = "<group>"; };
		9AFDA3502D2011B000EDEEBB /* OnBoardingView.swift */ = {isa = PBXFileReference; lastKnownFileType = sourcecode.swift; path = OnBoardingView.swift; sourceTree = "<group>"; };
		9AFDA3572D20125D00EDEEBB /* WelcomeView.swift */ = {isa = PBXFileReference; lastKnownFileType = sourcecode.swift; path = WelcomeView.swift; sourceTree = "<group>"; };
		9AFDA3592D20126700EDEEBB /* PersonalInfoView.swift */ = {isa = PBXFileReference; lastKnownFileType = sourcecode.swift; path = PersonalInfoView.swift; sourceTree = "<group>"; };
		9AFDA35B2D2013AE00EDEEBB /* ContentView.swift */ = {isa = PBXFileReference; lastKnownFileType = sourcecode.swift; path = ContentView.swift; sourceTree = "<group>"; };
		9AFDA35E2D20148E00EDEEBB /* HomeView.swift */ = {isa = PBXFileReference; lastKnownFileType = sourcecode.swift; path = HomeView.swift; sourceTree = "<group>"; };
		9AFDA3612D20160A00EDEEBB /* GameView.swift */ = {isa = PBXFileReference; lastKnownFileType = sourcecode.swift; path = GameView.swift; sourceTree = "<group>"; };
		9AFDA3642D2018F900EDEEBB /* StatisticsView.swift */ = {isa = PBXFileReference; lastKnownFileType = sourcecode.swift; path = StatisticsView.swift; sourceTree = "<group>"; };
		9AFDA3672D20191500EDEEBB /* MyInfoView.swift */ = {isa = PBXFileReference; lastKnownFileType = sourcecode.swift; path = MyInfoView.swift; sourceTree = "<group>"; };
/* End PBXFileReference section */

/* Begin PBXFrameworksBuildPhase section */
		9AFDA3392D2000AA00EDEEBB /* Frameworks */ = {
			isa = PBXFrameworksBuildPhase;
			buildActionMask = 2147483647;
			files = (
			);
			runOnlyForDeploymentPostprocessing = 0;
		};
/* End PBXFrameworksBuildPhase section */

/* Begin PBXGroup section */
		9AFDA3332D2000AA00EDEEBB = {
			isa = PBXGroup;
			children = (
				9AFDA33E2D2000AA00EDEEBB /* CogCog-iOS */,
				9AFDA33D2D2000AA00EDEEBB /* Products */,
			);
			sourceTree = "<group>";
		};
		9AFDA33D2D2000AA00EDEEBB /* Products */ = {
			isa = PBXGroup;
			children = (
				9AFDA33C2D2000AA00EDEEBB /* CogCog-iOS.app */,
			);
			name = Products;
			sourceTree = "<group>";
		};
		9AFDA33E2D2000AA00EDEEBB /* CogCog-iOS */ = {
			isa = PBXGroup;
			children = (
				9AFDA34E2D20116400EDEEBB /* ViewModel */,
				9AFDA34D2D20115D00EDEEBB /* View */,
				9AFDA33F2D2000AA00EDEEBB /* CogCog_iOSApp.swift */,
				9AFDA3432D2000AB00EDEEBB /* Assets.xcassets */,
				9AFDA3452D2000AB00EDEEBB /* Preview Content */,
			);
			path = "CogCog-iOS";
			sourceTree = "<group>";
		};
		9AFDA3452D2000AB00EDEEBB /* Preview Content */ = {
			isa = PBXGroup;
			children = (
				9AFDA3462D2000AB00EDEEBB /* Preview Assets.xcassets */,
			);
			path = "Preview Content";
			sourceTree = "<group>";
		};
		9AFDA34D2D20115D00EDEEBB /* View */ = {
			isa = PBXGroup;
			children = (
				9AFDA3662D20190900EDEEBB /* MyInfo */,
				9AFDA3632D2018EA00EDEEBB /* Statistics */,
				9AFDA3602D20160100EDEEBB /* Game */,
				9AFDA35D2D20148400EDEEBB /* Home */,
				9AFDA34F2D20119C00EDEEBB /* OnBoarding */,
				9AFDA35B2D2013AE00EDEEBB /* ContentView.swift */,
			);
			path = View;
			sourceTree = "<group>";
		};
		9AFDA34E2D20116400EDEEBB /* ViewModel */ = {
			isa = PBXGroup;
			children = (
			);
			path = ViewModel;
			sourceTree = "<group>";
		};
		9AFDA34F2D20119C00EDEEBB /* OnBoarding */ = {
			isa = PBXGroup;
			children = (
				9AFDA3532D20120E00EDEEBB /* CheckList */,
				9AFDA3562D20124900EDEEBB /* Welcome */,
				9AFDA3522D2011BB00EDEEBB /* PersonalInfo */,
				9AFDA3502D2011B000EDEEBB /* OnBoardingView.swift */,
			);
			path = OnBoarding;
			sourceTree = "<group>";
		};
		9AFDA3522D2011BB00EDEEBB /* PersonalInfo */ = {
			isa = PBXGroup;
			children = (
				9AFDA3592D20126700EDEEBB /* PersonalInfoView.swift */,
			);
			path = PersonalInfo;
			sourceTree = "<group>";
		};
		9AFDA3532D20120E00EDEEBB /* CheckList */ = {
			isa = PBXGroup;
			children = (
			);
			path = CheckList;
			sourceTree = "<group>";
		};
		9AFDA3562D20124900EDEEBB /* Welcome */ = {
			isa = PBXGroup;
			children = (
				9AFDA3572D20125D00EDEEBB /* WelcomeView.swift */,
			);
			path = Welcome;
			sourceTree = "<group>";
		};
		9AFDA35D2D20148400EDEEBB /* Home */ = {
			isa = PBXGroup;
			children = (
				9AFDA35E2D20148E00EDEEBB /* HomeView.swift */,
			);
			path = Home;
			sourceTree = "<group>";
		};
		9AFDA3602D20160100EDEEBB /* Game */ = {
			isa = PBXGroup;
			children = (
				9AFDA3612D20160A00EDEEBB /* GameView.swift */,
			);
			path = Game;
			sourceTree = "<group>";
		};
		9AFDA3632D2018EA00EDEEBB /* Statistics */ = {
			isa = PBXGroup;
			children = (
				9AFDA3642D2018F900EDEEBB /* StatisticsView.swift */,
			);
			path = Statistics;
			sourceTree = "<group>";
		};
		9AFDA3662D20190900EDEEBB /* MyInfo */ = {
			isa = PBXGroup;
			children = (
				9AFDA3672D20191500EDEEBB /* MyInfoView.swift */,
			);
			path = MyInfo;
			sourceTree = "<group>";
		};
/* End PBXGroup section */

/* Begin PBXNativeTarget section */
		9AFDA33B2D2000AA00EDEEBB /* CogCog-iOS */ = {
			isa = PBXNativeTarget;
			buildConfigurationList = 9AFDA34A2D2000AB00EDEEBB /* Build configuration list for PBXNativeTarget "CogCog-iOS" */;
			buildPhases = (
				9AFDA3382D2000AA00EDEEBB /* Sources */,
				9AFDA3392D2000AA00EDEEBB /* Frameworks */,
				9AFDA33A2D2000AA00EDEEBB /* Resources */,
			);
			buildRules = (
			);
			dependencies = (
			);
			name = "CogCog-iOS";
			productName = "CogCog-iOS";
			productReference = 9AFDA33C2D2000AA00EDEEBB /* CogCog-iOS.app */;
			productType = "com.apple.product-type.application";
		};
/* End PBXNativeTarget section */

/* Begin PBXProject section */
		9AFDA3342D2000AA00EDEEBB /* Project object */ = {
			isa = PBXProject;
			attributes = {
				BuildIndependentTargetsInParallel = 1;
				LastSwiftUpdateCheck = 1540;
				LastUpgradeCheck = 1540;
				TargetAttributes = {
					9AFDA33B2D2000AA00EDEEBB = {
						CreatedOnToolsVersion = 15.4;
					};
				};
			};
			buildConfigurationList = 9AFDA3372D2000AA00EDEEBB /* Build configuration list for PBXProject "CogCog-iOS" */;
			compatibilityVersion = "Xcode 14.0";
			developmentRegion = en;
			hasScannedForEncodings = 0;
			knownRegions = (
				en,
				Base,
			);
			mainGroup = 9AFDA3332D2000AA00EDEEBB;
			productRefGroup = 9AFDA33D2D2000AA00EDEEBB /* Products */;
			projectDirPath = "";
			projectRoot = "";
			targets = (
				9AFDA33B2D2000AA00EDEEBB /* CogCog-iOS */,
			);
		};
/* End PBXProject section */

/* Begin PBXResourcesBuildPhase section */
		9AFDA33A2D2000AA00EDEEBB /* Resources */ = {
			isa = PBXResourcesBuildPhase;
			buildActionMask = 2147483647;
			files = (
				9AFDA3472D2000AB00EDEEBB /* Preview Assets.xcassets in Resources */,
				9AFDA3442D2000AB00EDEEBB /* Assets.xcassets in Resources */,
			);
			runOnlyForDeploymentPostprocessing = 0;
		};
/* End PBXResourcesBuildPhase section */

/* Begin PBXSourcesBuildPhase section */
		9AFDA3382D2000AA00EDEEBB /* Sources */ = {
			isa = PBXSourcesBuildPhase;
			buildActionMask = 2147483647;
			files = (
				9AFDA3582D20125D00EDEEBB /* WelcomeView.swift in Sources */,
				9AFDA35C2D2013AE00EDEEBB /* ContentView.swift in Sources */,
				9AFDA3652D2018F900EDEEBB /* StatisticsView.swift in Sources */,
				9AFDA35A2D20126700EDEEBB /* PersonalInfoView.swift in Sources */,
				9AFDA3682D20191500EDEEBB /* MyInfoView.swift in Sources */,
				9AFDA35F2D20148E00EDEEBB /* HomeView.swift in Sources */,
				9AFDA3512D2011B000EDEEBB /* OnBoardingView.swift in Sources */,
				9AFDA3402D2000AA00EDEEBB /* CogCog_iOSApp.swift in Sources */,
				9AFDA3622D20160A00EDEEBB /* GameView.swift in Sources */,
			);
			runOnlyForDeploymentPostprocessing = 0;
		};
/* End PBXSourcesBuildPhase section */

/* Begin XCBuildConfiguration section */
		9AFDA3482D2000AB00EDEEBB /* Debug */ = {
			isa = XCBuildConfiguration;
			buildSettings = {
				ALWAYS_SEARCH_USER_PATHS = NO;
				ASSETCATALOG_COMPILER_GENERATE_SWIFT_ASSET_SYMBOL_EXTENSIONS = YES;
				CLANG_ANALYZER_NONNULL = YES;
				CLANG_ANALYZER_NUMBER_OBJECT_CONVERSION = YES_AGGRESSIVE;
				CLANG_CXX_LANGUAGE_STANDARD = "gnu++20";
				CLANG_ENABLE_MODULES = YES;
				CLANG_ENABLE_OBJC_ARC = YES;
				CLANG_ENABLE_OBJC_WEAK = YES;
				CLANG_WARN_BLOCK_CAPTURE_AUTORELEASING = YES;
				CLANG_WARN_BOOL_CONVERSION = YES;
				CLANG_WARN_COMMA = YES;
				CLANG_WARN_CONSTANT_CONVERSION = YES;
				CLANG_WARN_DEPRECATED_OBJC_IMPLEMENTATIONS = YES;
				CLANG_WARN_DIRECT_OBJC_ISA_USAGE = YES_ERROR;
				CLANG_WARN_DOCUMENTATION_COMMENTS = YES;
				CLANG_WARN_EMPTY_BODY = YES;
				CLANG_WARN_ENUM_CONVERSION = YES;
				CLANG_WARN_INFINITE_RECURSION = YES;
				CLANG_WARN_INT_CONVERSION = YES;
				CLANG_WARN_NON_LITERAL_NULL_CONVERSION = YES;
				CLANG_WARN_OBJC_IMPLICIT_RETAIN_SELF = YES;
				CLANG_WARN_OBJC_LITERAL_CONVERSION = YES;
				CLANG_WARN_OBJC_ROOT_CLASS = YES_ERROR;
				CLANG_WARN_QUOTED_INCLUDE_IN_FRAMEWORK_HEADER = YES;
				CLANG_WARN_RANGE_LOOP_ANALYSIS = YES;
				CLANG_WARN_STRICT_PROTOTYPES = YES;
				CLANG_WARN_SUSPICIOUS_MOVE = YES;
				CLANG_WARN_UNGUARDED_AVAILABILITY = YES_AGGRESSIVE;
				CLANG_WARN_UNREACHABLE_CODE = YES;
				CLANG_WARN__DUPLICATE_METHOD_MATCH = YES;
				COPY_PHASE_STRIP = NO;
				DEBUG_INFORMATION_FORMAT = dwarf;
				ENABLE_STRICT_OBJC_MSGSEND = YES;
				ENABLE_TESTABILITY = YES;
				ENABLE_USER_SCRIPT_SANDBOXING = YES;
				GCC_C_LANGUAGE_STANDARD = gnu17;
				GCC_DYNAMIC_NO_PIC = NO;
				GCC_NO_COMMON_BLOCKS = YES;
				GCC_OPTIMIZATION_LEVEL = 0;
				GCC_PREPROCESSOR_DEFINITIONS = (
					"DEBUG=1",
					"$(inherited)",
				);
				GCC_WARN_64_TO_32_BIT_CONVERSION = YES;
				GCC_WARN_ABOUT_RETURN_TYPE = YES_ERROR;
				GCC_WARN_UNDECLARED_SELECTOR = YES;
				GCC_WARN_UNINITIALIZED_AUTOS = YES_AGGRESSIVE;
				GCC_WARN_UNUSED_FUNCTION = YES;
				GCC_WARN_UNUSED_VARIABLE = YES;
				IPHONEOS_DEPLOYMENT_TARGET = 17.5;
				LOCALIZATION_PREFERS_STRING_CATALOGS = YES;
				MTL_ENABLE_DEBUG_INFO = INCLUDE_SOURCE;
				MTL_FAST_MATH = YES;
				ONLY_ACTIVE_ARCH = YES;
				SDKROOT = iphoneos;
				SWIFT_ACTIVE_COMPILATION_CONDITIONS = "DEBUG $(inherited)";
				SWIFT_OPTIMIZATION_LEVEL = "-Onone";
			};
			name = Debug;
		};
		9AFDA3492D2000AB00EDEEBB /* Release */ = {
			isa = XCBuildConfiguration;
			buildSettings = {
				ALWAYS_SEARCH_USER_PATHS = NO;
				ASSETCATALOG_COMPILER_GENERATE_SWIFT_ASSET_SYMBOL_EXTENSIONS = YES;
				CLANG_ANALYZER_NONNULL = YES;
				CLANG_ANALYZER_NUMBER_OBJECT_CONVERSION = YES_AGGRESSIVE;
				CLANG_CXX_LANGUAGE_STANDARD = "gnu++20";
				CLANG_ENABLE_MODULES = YES;
				CLANG_ENABLE_OBJC_ARC = YES;
				CLANG_ENABLE_OBJC_WEAK = YES;
				CLANG_WARN_BLOCK_CAPTURE_AUTORELEASING = YES;
				CLANG_WARN_BOOL_CONVERSION = YES;
				CLANG_WARN_COMMA = YES;
				CLANG_WARN_CONSTANT_CONVERSION = YES;
				CLANG_WARN_DEPRECATED_OBJC_IMPLEMENTATIONS = YES;
				CLANG_WARN_DIRECT_OBJC_ISA_USAGE = YES_ERROR;
				CLANG_WARN_DOCUMENTATION_COMMENTS = YES;
				CLANG_WARN_EMPTY_BODY = YES;
				CLANG_WARN_ENUM_CONVERSION = YES;
				CLANG_WARN_INFINITE_RECURSION = YES;
				CLANG_WARN_INT_CONVERSION = YES;
				CLANG_WARN_NON_LITERAL_NULL_CONVERSION = YES;
				CLANG_WARN_OBJC_IMPLICIT_RETAIN_SELF = YES;
				CLANG_WARN_OBJC_LITERAL_CONVERSION = YES;
				CLANG_WARN_OBJC_ROOT_CLASS = YES_ERROR;
				CLANG_WARN_QUOTED_INCLUDE_IN_FRAMEWORK_HEADER = YES;
				CLANG_WARN_RANGE_LOOP_ANALYSIS = YES;
				CLANG_WARN_STRICT_PROTOTYPES = YES;
				CLANG_WARN_SUSPICIOUS_MOVE = YES;
				CLANG_WARN_UNGUARDED_AVAILABILITY = YES_AGGRESSIVE;
				CLANG_WARN_UNREACHABLE_CODE = YES;
				CLANG_WARN__DUPLICATE_METHOD_MATCH = YES;
				COPY_PHASE_STRIP = NO;
				DEBUG_INFORMATION_FORMAT = "dwarf-with-dsym";
				ENABLE_NS_ASSERTIONS = NO;
				ENABLE_STRICT_OBJC_MSGSEND = YES;
				ENABLE_USER_SCRIPT_SANDBOXING = YES;
				GCC_C_LANGUAGE_STANDARD = gnu17;
				GCC_NO_COMMON_BLOCKS = YES;
				GCC_WARN_64_TO_32_BIT_CONVERSION = YES;
				GCC_WARN_ABOUT_RETURN_TYPE = YES_ERROR;
				GCC_WARN_UNDECLARED_SELECTOR = YES;
				GCC_WARN_UNINITIALIZED_AUTOS = YES_AGGRESSIVE;
				GCC_WARN_UNUSED_FUNCTION = YES;
				GCC_WARN_UNUSED_VARIABLE = YES;
				IPHONEOS_DEPLOYMENT_TARGET = 17.5;
				LOCALIZATION_PREFERS_STRING_CATALOGS = YES;
				MTL_ENABLE_DEBUG_INFO = NO;
				MTL_FAST_MATH = YES;
				SDKROOT = iphoneos;
				SWIFT_COMPILATION_MODE = wholemodule;
				VALIDATE_PRODUCT = YES;
			};
			name = Release;
		};
		9AFDA34B2D2000AB00EDEEBB /* Debug */ = {
			isa = XCBuildConfiguration;
			buildSettings = {
				ASSETCATALOG_COMPILER_APPICON_NAME = AppIcon;
				ASSETCATALOG_COMPILER_GLOBAL_ACCENT_COLOR_NAME = AccentColor;
				CODE_SIGN_STYLE = Automatic;
				CURRENT_PROJECT_VERSION = 1;
				DEVELOPMENT_ASSET_PATHS = "\"CogCog-iOS/Preview Content\"";
				DEVELOPMENT_TEAM = 6RZ3FF956G;
				ENABLE_PREVIEWS = YES;
				GENERATE_INFOPLIST_FILE = YES;
				INFOPLIST_KEY_UIApplicationSceneManifest_Generation = YES;
				INFOPLIST_KEY_UIApplicationSupportsIndirectInputEvents = YES;
				INFOPLIST_KEY_UILaunchScreen_Generation = YES;
				INFOPLIST_KEY_UISupportedInterfaceOrientations_iPad = "UIInterfaceOrientationPortrait UIInterfaceOrientationPortraitUpsideDown UIInterfaceOrientationLandscapeLeft UIInterfaceOrientationLandscapeRight";
				INFOPLIST_KEY_UISupportedInterfaceOrientations_iPhone = "UIInterfaceOrientationPortrait UIInterfaceOrientationLandscapeLeft UIInterfaceOrientationLandscapeRight";
				LD_RUNPATH_SEARCH_PATHS = (
					"$(inherited)",
					"@executable_path/Frameworks",
				);
				MARKETING_VERSION = 1.0;
				PRODUCT_BUNDLE_IDENTIFIER = "com.jihyunkim.CogCog-iOS";
				PRODUCT_NAME = "$(TARGET_NAME)";
				SWIFT_EMIT_LOC_STRINGS = YES;
				SWIFT_VERSION = 5.0;
				TARGETED_DEVICE_FAMILY = "1,2";
			};
			name = Debug;
		};
		9AFDA34C2D2000AB00EDEEBB /* Release */ = {
			isa = XCBuildConfiguration;
			buildSettings = {
				ASSETCATALOG_COMPILER_APPICON_NAME = AppIcon;
				ASSETCATALOG_COMPILER_GLOBAL_ACCENT_COLOR_NAME = AccentColor;
				CODE_SIGN_STYLE = Automatic;
				CURRENT_PROJECT_VERSION = 1;
				DEVELOPMENT_ASSET_PATHS = "\"CogCog-iOS/Preview Content\"";
				DEVELOPMENT_TEAM = 6RZ3FF956G;
				ENABLE_PREVIEWS = YES;
				GENERATE_INFOPLIST_FILE = YES;
				INFOPLIST_KEY_UIApplicationSceneManifest_Generation = YES;
				INFOPLIST_KEY_UIApplicationSupportsIndirectInputEvents = YES;
				INFOPLIST_KEY_UILaunchScreen_Generation = YES;
				INFOPLIST_KEY_UISupportedInterfaceOrientations_iPad = "UIInterfaceOrientationPortrait UIInterfaceOrientationPortraitUpsideDown UIInterfaceOrientationLandscapeLeft UIInterfaceOrientationLandscapeRight";
				INFOPLIST_KEY_UISupportedInterfaceOrientations_iPhone = "UIInterfaceOrientationPortrait UIInterfaceOrientationLandscapeLeft UIInterfaceOrientationLandscapeRight";
				LD_RUNPATH_SEARCH_PATHS = (
					"$(inherited)",
					"@executable_path/Frameworks",
				);
				MARKETING_VERSION = 1.0;
				PRODUCT_BUNDLE_IDENTIFIER = "com.jihyunkim.CogCog-iOS";
				PRODUCT_NAME = "$(TARGET_NAME)";
				SWIFT_EMIT_LOC_STRINGS = YES;
				SWIFT_VERSION = 5.0;
				TARGETED_DEVICE_FAMILY = "1,2";
			};
			name = Release;
		};
/* End XCBuildConfiguration section */

/* Begin XCConfigurationList section */
		9AFDA3372D2000AA00EDEEBB /* Build configuration list for PBXProject "CogCog-iOS" */ = {
			isa = XCConfigurationList;
			buildConfigurations = (
				9AFDA3482D2000AB00EDEEBB /* Debug */,
				9AFDA3492D2000AB00EDEEBB /* Release */,
			);
			defaultConfigurationIsVisible = 0;
			defaultConfigurationName = Release;
		};
		9AFDA34A2D2000AB00EDEEBB /* Build configuration list for PBXNativeTarget "CogCog-iOS" */ = {
			isa = XCConfigurationList;
			buildConfigurations = (
				9AFDA34B2D2000AB00EDEEBB /* Debug */,
				9AFDA34C2D2000AB00EDEEBB /* Release */,
			);
			defaultConfigurationIsVisible = 0;
			defaultConfigurationName = Release;
		};
/* End XCConfigurationList section */
	};
	rootObject = 9AFDA3342D2000AA00EDEEBB /* Project object */;
}
